
Microsoft Visual Studio Solution File, Format Version 12.00
# Visual Studio Version 17
VisualStudioVersion = 17.0.31903.59
MinimumVisualStudioVersion = 10.0.40219.1
Project("{2150E333-8FDC-42A3-9474-1A3956D46DE8}") = "src", "src", "{DE04E26D-1926-4C80-80AC-54E16C86BC95}"
EndProject
Project("{FAE04EC0-301F-11D3-BF4B-00C04F79EFBC}") = "SignalCopilot.Api", "src\SignalCopilot.Api\SignalCopilot.Api.csproj", "{56A2C588-F2CA-4E08-B0CD-326B9EF7FB15}"
EndProject
Global
	GlobalSection(SolutionConfigurationPlatforms) = preSolution
		Debug|Any CPU = Debug|Any CPU
		Release|Any CPU = Release|Any CPU
	EndGlobalSection
	GlobalSection(SolutionProperties) = preSolution
		HideSolutionNode = FALSE
	EndGlobalSection
	GlobalSection(ProjectConfigurationPlatforms) = postSolution
		{56A2C588-F2CA-4E08-B0CD-326B9EF7FB15}.Debug|Any CPU.ActiveCfg = Debug|Any CPU
		{56A2C588-F2CA-4E08-B0CD-326B9EF7FB15}.Debug|Any CPU.Build.0 = Debug|Any CPU
		{56A2C588-F2CA-4E08-B0CD-326B9EF7FB15}.Release|Any CPU.ActiveCfg = Release|Any CPU
		{56A2C588-F2CA-4E08-B0CD-326B9EF7FB15}.Release|Any CPU.Build.0 = Release|Any CPU
	EndGlobalSection
	GlobalSection(NestedProjects) = preSolution
		{56A2C588-F2CA-4E08-B0CD-326B9EF7FB15} = {DE04E26D-1926-4C80-80AC-54E16C86BC95}
	EndGlobalSection
EndGlobal
